
Microsoft Visual Studio Solution File, Format Version 12.00
# Visual Studio Version 17
VisualStudioVersion = 17.11.35327.3
MinimumVisualStudioVersion = 10.0.40219.1
Project("{9A19103F-16F7-4668-BE54-9A1E7A4F7556}") = "FractalApp", "FractalApp\FractalApp.csproj", "{30260869-E0EA-44C3-8CFE-5CCA324701A9}"
EndProject
Global
	GlobalSection(SolutionConfigurationPlatforms) = preSolution
		Debug|Any CPU = Debug|Any CPU
		Release|Any CPU = Release|Any CPU
	EndGlobalSection
	GlobalSection(ProjectConfigurationPlatforms) = postSolution
		{30260869-E0EA-44C3-8CFE-5CCA324701A9}.Debug|Any CPU.ActiveCfg = Debug|Any CPU
		{30260869-E0EA-44C3-8CFE-5CCA324701A9}.Debug|Any CPU.Build.0 = Debug|Any CPU
		{30260869-E0EA-44C3-8CFE-5CCA324701A9}.Release|Any CPU.ActiveCfg = Release|Any CPU
		{30260869-E0EA-44C3-8CFE-5CCA324701A9}.Release|Any CPU.Build.0 = Release|Any CPU
	EndGlobalSection
	GlobalSection(SolutionProperties) = preSolution
		HideSolutionNode = FALSE
	EndGlobalSection
	GlobalSection(ExtensibilityGlobals) = postSolution
		SolutionGuid = {E1C570D3-09C4-4B42-AA33-DD7A375A11E6}
	EndGlobalSection
EndGlobal
